github.com/abydow/dog v0.0.0-20251126132442-cae13dae10ad h1:w/6MsF24l3ObGOKMvTZUV3QkG2V3I32GOZDFHYvyAIE=
github.com/abydow/dog v0.0.0-20251126132442-cae13dae10ad/go.mod h1:0kXcClLl8piHCloRG9hMR4qQ06VRfu4HbR3luJYRoKg=
github.com/abydow/dog v0.0.0-20251126133138-0cb25c7976ff h1:Ezeq15NOc1psVnJyOAiJu5djukYNPW0oMscKZi3LpCk=
github.com/abydow/dog v0.0.0-20251126133138-0cb25c7976ff/go.mod h1:0kXcClLl8piHCloRG9hMR4qQ06VRfu4HbR3luJYRoKg=
github.com/abydow/dog v0.0.0-20251126135038-e5f6694fbe98 h1:DTnbOnDWJvoI9eiL1KRSk7CfE+WuOTumvdF4ZF2ghEs=
github.com/abydow/dog v0.0.0-20251126135038-e5f6694fbe98/go.mod h1:0kXcClLl8piHCloRG9hMR4qQ06VRfu4HbR3luJYRoKg=
github.com/abydow/puppy v0.0.0-20251125150629-8d161f8b1d09 h1:H0ZI4a05NRgaDqnvzzjMvNEgWsbVE9ejaT/ksiOKfKw=
github.com/abydow/puppy v0.0.0-20251125150629-8d161f8b1d09/go.mod h1:6jPWmpGSaZzkxUM4EGGnX0ysyeJiQLYgX0sOiJSw5SI=
github.com/abydow/puppy v0.0.0-20251126133249-7678a2d25ece h1:fNrhszWghRwy7LHk2jvhZUub2060HovXRytDCmj6KUY=
github.com/abydow/puppy v0.0.0-20251126133249-7678a2d25ece/go.mod h1:H3A4mG+fiTw5HsmRIBPRJuW4OUQdq0Q/VD0PkP9IrWw=
github.com/abydow/puppy v0.0.0-20251126134222-8061e2a2261e h1:5DeKCMuBsbcWc4tg2CCvliDKxFBSq1TsgwsSNZA+Jw0=
github.com/abydow/puppy v0.0.0-20251126134222-8061e2a2261e/go.mod h1:H3A4mG+fiTw5HsmRIBPRJuW4OUQdq0Q/VD0PkP9IrWw=
github.com/abydow/puppy v0.0.0-20251126134424-13bede273cde h1:Y/jpLcm/V4gd0QeDGPBBG9ByZ2xyIyPFoF/dSfcBr3o=
github.com/abydow/puppy v0.0.0-20251126134424-13bede273cde/go.mod h1:7XmBYPZQhB2SDD0pECDrXj5Q/C7YoHAadBAT84w5CTQ=
github.com/abydow/puppy v0.0.0-20251126134846-e2a7e9ebcc8a h1:wLBb5NoFxBYDXzsLFjH2RuepsokCaLdZ9sbpK5MPZ40=
github.com/abydow/puppy v0.0.0-20251126134846-e2a7e9ebcc8a/go.mod h1:7XmBYPZQhB2SDD0pECDrXj5Q/C7YoHAadBAT84w5CTQ=
github.com/abydow/puppy v0.0.0-20251126135118-23dbaf7dc952 h1:+xRj7xhqdV9SMl+mW01sX43ssSBNhPHnWxxwtNFUeDE=
github.com/abydow/puppy v0.0.0-20251126135118-23dbaf7dc952/go.mod h1:ZP29YtgQDBWSVdVWv4dPdR4+J+UQxihJlQ/02Zc5kaQ=
